{
  "name": "lake_music",
  "version": "1.0.0",
  "lockfileVersion": 1,
  "requires": true,
  "dependencies": {
    "moment": {
      "version": "2.29.1",
      "resolved": "https://registry.npm.taobao.org/moment/download/moment-2.29.1.tgz",
      "integrity": "sha1-sr52n6MZQL6e7qZGnAdeNQBvo9M="
    },
    "pubsub-js": {
      "version": "1.9.2",
      "resolved": "https://registry.npm.taobao.org/pubsub-js/download/pubsub-js-1.9.2.tgz",
      "integrity": "sha1-TQH+TffRlX76aB9jOOvJuhG37zo="
    }
  }
}
